
Microsoft Visual Studio Solution File, Format Version 12.00
# Visual Studio Version 16
VisualStudioVersion = 16.0.33529.622
MinimumVisualStudioVersion = 10.0.40219.1
Project("{FAE04EC0-301F-11D3-BF4B-00C04F79EFBC}") = "GUI", "GUI.csproj", "{3A2C6C4D-96C2-47E3-B4FF-A852FD1EA8D3}"
EndProject
Project("{FAE04EC0-301F-11D3-BF4B-00C04F79EFBC}") = "Modelo", "..\Modelo\Modelo.csproj", "{DB90E61C-340A-4574-BF98-F5ADEB2B44A7}"
EndProject
Project("{FAE04EC0-301F-11D3-BF4B-00C04F79EFBC}") = "DAL", "..\DAL\DAL.csproj", "{640ECBDE-24C2-4680-A317-7401345E8FC8}"
EndProject
Project("{FAE04EC0-301F-11D3-BF4B-00C04F79EFBC}") = "BBL", "..\BBL\BBL.csproj", "{9F9E26E1-6F91-4532-BB56-16B19436B192}"
EndProject
Global
	GlobalSection(SolutionConfigurationPlatforms) = preSolution
		Debug|Any CPU = Debug|Any CPU
		Release|Any CPU = Release|Any CPU
	EndGlobalSection
	GlobalSection(ProjectConfigurationPlatforms) = postSolution
		{3A2C6C4D-96C2-47E3-B4FF-A852FD1EA8D3}.Debug|Any CPU.ActiveCfg = Debug|Any CPU
		{3A2C6C4D-96C2-47E3-B4FF-A852FD1EA8D3}.Debug|Any CPU.Build.0 = Debug|Any CPU
		{3A2C6C4D-96C2-47E3-B4FF-A852FD1EA8D3}.Release|Any CPU.ActiveCfg = Release|Any CPU
		{3A2C6C4D-96C2-47E3-B4FF-A852FD1EA8D3}.Release|Any CPU.Build.0 = Release|Any CPU
		{DB90E61C-340A-4574-BF98-F5ADEB2B44A7}.Debug|Any CPU.ActiveCfg = Debug|Any CPU
		{DB90E61C-340A-4574-BF98-F5ADEB2B44A7}.Debug|Any CPU.Build.0 = Debug|Any CPU
		{DB90E61C-340A-4574-BF98-F5ADEB2B44A7}.Release|Any CPU.ActiveCfg = Release|Any CPU
		{DB90E61C-340A-4574-BF98-F5ADEB2B44A7}.Release|Any CPU.Build.0 = Release|Any CPU
		{640ECBDE-24C2-4680-A317-7401345E8FC8}.Debug|Any CPU.ActiveCfg = Debug|Any CPU
		{640ECBDE-24C2-4680-A317-7401345E8FC8}.Debug|Any CPU.Build.0 = Debug|Any CPU
		{640ECBDE-24C2-4680-A317-7401345E8FC8}.Release|Any CPU.ActiveCfg = Release|Any CPU
		{640ECBDE-24C2-4680-A317-7401345E8FC8}.Release|Any CPU.Build.0 = Release|Any CPU
		{9F9E26E1-6F91-4532-BB56-16B19436B192}.Debug|Any CPU.ActiveCfg = Debug|Any CPU
		{9F9E26E1-6F91-4532-BB56-16B19436B192}.Debug|Any CPU.Build.0 = Debug|Any CPU
		{9F9E26E1-6F91-4532-BB56-16B19436B192}.Release|Any CPU.ActiveCfg = Release|Any CPU
		{9F9E26E1-6F91-4532-BB56-16B19436B192}.Release|Any CPU.Build.0 = Release|Any CPU
	EndGlobalSection
	GlobalSection(SolutionProperties) = preSolution
		HideSolutionNode = FALSE
	EndGlobalSection
	GlobalSection(ExtensibilityGlobals) = postSolution
		SolutionGuid = {139126E8-8EAC-4B82-8EE0-508F27043E00}
	EndGlobalSection
EndGlobal
